
Microsoft Visual Studio Solution File, Format Version 12.00
# Visual Studio Version 16
VisualStudioVersion = 16.0.29806.167
MinimumVisualStudioVersion = 10.0.40219.1
Project("{FAE04EC0-301F-11D3-BF4B-00C04F79EFBC}") = "EssentialTypes.Strings.CultureSensitiveComparison", "EssentialTypes.Strings.CultureSensitiveComparison\EssentialTypes.Strings.CultureSensitiveComparison.csproj", "{D0F83C94-9720-4461-9B24-95539445FB52}"
EndProject
Project("{FAE04EC0-301F-11D3-BF4B-00C04F79EFBC}") = "EssentialTypes.Strings.Intern", "EssentialTypes.Strings.Intern\EssentialTypes.Strings.Intern.csproj", "{BD60F190-30D2-4508-AB49-DAC172B758A2}"
EndProject
Project("{FAE04EC0-301F-11D3-BF4B-00C04F79EFBC}") = "EssentialTypes.Strings.StringBuilders", "EssentialTypes.Strings.StringBuilders\EssentialTypes.Strings.StringBuilders.csproj", "{1CF90F05-83EA-4F55-9E2E-13F0EB3115EE}"
EndProject
Project("{2150E333-8FDC-42A3-9474-1A3956D46DE8}") = "Strings", "Strings", "{40B61286-EAA1-4B6D-9086-413202D4C3D5}"
EndProject
Project("{FAE04EC0-301F-11D3-BF4B-00C04F79EFBC}") = "EssentialTypes.Strings.Formats", "EssentialTypes.Strings.Formats\EssentialTypes.Strings.Formats.csproj", "{39A07CD1-064A-41B9-B1EA-7D9CECF9E4CE}"
EndProject
Project("{FAE04EC0-301F-11D3-BF4B-00C04F79EFBC}") = "EssentialTypes.Strings.Encodings", "EssentialTypes.Strings.Encodings\EssentialTypes.Strings.Encodings.csproj", "{C6022036-533B-4508-BD8F-9DA6C71F894F}"
EndProject
Project("{FAE04EC0-301F-11D3-BF4B-00C04F79EFBC}") = "EssentialTypes.Strings.SecureStrings", "EssentialTypes.Strings.SecureStrings\EssentialTypes.Strings.SecureStrings.csproj", "{52C6577D-E217-4902-AA44-1D3749A73278}"
EndProject
Project("{2150E333-8FDC-42A3-9474-1A3956D46DE8}") = "Arrays", "Arrays", "{98246796-1EEE-43E9-848F-3522FDE139A6}"
EndProject
Project("{FAE04EC0-301F-11D3-BF4B-00C04F79EFBC}") = "EssentialTypes.Arrays.NonZeroBased", "EssentialTypes.Arrays.NonZeroBased\EssentialTypes.Arrays.NonZeroBased.csproj", "{7290B6CA-E0B4-43B9-BF21-2339E644E613}"
EndProject
Project("{2150E333-8FDC-42A3-9474-1A3956D46DE8}") = "Delegates", "Delegates", "{BE46F0B9-175E-4388-A5A3-9771F8C30960}"
EndProject
Project("{FAE04EC0-301F-11D3-BF4B-00C04F79EFBC}") = "EssentialTypes.Delegates.Chaining", "EssentialTypes.Delegates.Chaining\EssentialTypes.Delegates.Chaining.csproj", "{B6F5A4E1-DD05-4DCB-BB9B-FF29F805C5EB}"
EndProject
Project("{FAE04EC0-301F-11D3-BF4B-00C04F79EFBC}") = "EssentialTypes.Delegates.WrappingLocalVariable", "EssentialTypes.Delegates.WrappingLocalVariable\EssentialTypes.Delegates.WrappingLocalVariable.csproj", "{09D3A036-9F78-4179-A0E5-E45D2D27CFB2}"
EndProject
Project("{2150E333-8FDC-42A3-9474-1A3956D46DE8}") = "NullableValueTypes", "NullableValueTypes", "{067CE8B5-716C-4EFC-9FDE-78D89AD5323B}"
EndProject
Project("{FAE04EC0-301F-11D3-BF4B-00C04F79EFBC}") = "EssentialTypes.NullableTypes.Structure", "EssentialTypes.NullableTypes.Structure\EssentialTypes.NullableTypes.Structure.csproj", "{DBA31794-B732-4048-B798-4485E689FFC9}"
EndProject
Project("{FAE04EC0-301F-11D3-BF4B-00C04F79EFBC}") = "EssentialTypes.NullableTypes.ClrSupport", "EssentialTypes.NullableTypes.ClrSupport\EssentialTypes.NullableTypes.ClrSupport.csproj", "{C6491DD7-ABD3-455D-920C-AD4C1B050DA2}"
EndProject
Project("{2150E333-8FDC-42A3-9474-1A3956D46DE8}") = "Attributes", "Attributes", "{9CE65EA3-2075-444F-8B01-8D9E78C3FF5B}"
EndProject
Project("{FAE04EC0-301F-11D3-BF4B-00C04F79EFBC}") = "EssentialTypes.CustomAttributes.Use", "EssentialTypes.CustomAttributes.Use\EssentialTypes.CustomAttributes.Use.csproj", "{B59A7506-C29B-4E51-B9D9-EA2F34633C27}"
EndProject
Project("{9A19103F-16F7-4668-BE54-9A1E7A4F7556}") = "EssentialTypes.Arrays.ArrayList", "EssentialTypes.Arrays.ArrayList\EssentialTypes.Arrays.ArrayList.csproj", "{4A0DD325-3D48-4ADF-ADB9-B548EB6C90F9}"
EndProject
Project("{2150E333-8FDC-42A3-9474-1A3956D46DE8}") = "Associative", "Associative", "{DA6D8CBA-E326-4306-A076-C1529CE3D09F}"
EndProject
Project("{FAE04EC0-301F-11D3-BF4B-00C04F79EFBC}") = "EssentialTypes.Arrays.Associative.HashSet", "EssentialTypes.Arrays.Associative.HashSet\EssentialTypes.Arrays.Associative.HashSet.csproj", "{E07378E6-F98E-475A-B489-53367770C6D1}"
EndProject
Global
	GlobalSection(SolutionConfigurationPlatforms) = preSolution
		Debug|Any CPU = Debug|Any CPU
		Release|Any CPU = Release|Any CPU
	EndGlobalSection
	GlobalSection(ProjectConfigurationPlatforms) = postSolution
		{D0F83C94-9720-4461-9B24-95539445FB52}.Debug|Any CPU.ActiveCfg = Debug|Any CPU
		{D0F83C94-9720-4461-9B24-95539445FB52}.Debug|Any CPU.Build.0 = Debug|Any CPU
		{D0F83C94-9720-4461-9B24-95539445FB52}.Release|Any CPU.ActiveCfg = Release|Any CPU
		{D0F83C94-9720-4461-9B24-95539445FB52}.Release|Any CPU.Build.0 = Release|Any CPU
		{BD60F190-30D2-4508-AB49-DAC172B758A2}.Debug|Any CPU.ActiveCfg = Debug|Any CPU
		{BD60F190-30D2-4508-AB49-DAC172B758A2}.Debug|Any CPU.Build.0 = Debug|Any CPU
		{BD60F190-30D2-4508-AB49-DAC172B758A2}.Release|Any CPU.ActiveCfg = Release|Any CPU
		{BD60F190-30D2-4508-AB49-DAC172B758A2}.Release|Any CPU.Build.0 = Release|Any CPU
		{1CF90F05-83EA-4F55-9E2E-13F0EB3115EE}.Debug|Any CPU.ActiveCfg = Debug|Any CPU
		{1CF90F05-83EA-4F55-9E2E-13F0EB3115EE}.Debug|Any CPU.Build.0 = Debug|Any CPU
		{1CF90F05-83EA-4F55-9E2E-13F0EB3115EE}.Release|Any CPU.ActiveCfg = Release|Any CPU
		{1CF90F05-83EA-4F55-9E2E-13F0EB3115EE}.Release|Any CPU.Build.0 = Release|Any CPU
		{39A07CD1-064A-41B9-B1EA-7D9CECF9E4CE}.Debug|Any CPU.ActiveCfg = Debug|Any CPU
		{39A07CD1-064A-41B9-B1EA-7D9CECF9E4CE}.Debug|Any CPU.Build.0 = Debug|Any CPU
		{39A07CD1-064A-41B9-B1EA-7D9CECF9E4CE}.Release|Any CPU.ActiveCfg = Release|Any CPU
		{39A07CD1-064A-41B9-B1EA-7D9CECF9E4CE}.Release|Any CPU.Build.0 = Release|Any CPU
		{C6022036-533B-4508-BD8F-9DA6C71F894F}.Debug|Any CPU.ActiveCfg = Debug|Any CPU
		{C6022036-533B-4508-BD8F-9DA6C71F894F}.Debug|Any CPU.Build.0 = Debug|Any CPU
		{C6022036-533B-4508-BD8F-9DA6C71F894F}.Release|Any CPU.ActiveCfg = Release|Any CPU
		{C6022036-533B-4508-BD8F-9DA6C71F894F}.Release|Any CPU.Build.0 = Release|Any CPU
		{52C6577D-E217-4902-AA44-1D3749A73278}.Debug|Any CPU.ActiveCfg = Debug|Any CPU
		{52C6577D-E217-4902-AA44-1D3749A73278}.Debug|Any CPU.Build.0 = Debug|Any CPU
		{52C6577D-E217-4902-AA44-1D3749A73278}.Release|Any CPU.ActiveCfg = Release|Any CPU
		{52C6577D-E217-4902-AA44-1D3749A73278}.Release|Any CPU.Build.0 = Release|Any CPU
		{7290B6CA-E0B4-43B9-BF21-2339E644E613}.Debug|Any CPU.ActiveCfg = Debug|Any CPU
		{7290B6CA-E0B4-43B9-BF21-2339E644E613}.Debug|Any CPU.Build.0 = Debug|Any CPU
		{7290B6CA-E0B4-43B9-BF21-2339E644E613}.Release|Any CPU.ActiveCfg = Release|Any CPU
		{7290B6CA-E0B4-43B9-BF21-2339E644E613}.Release|Any CPU.Build.0 = Release|Any CPU
		{B6F5A4E1-DD05-4DCB-BB9B-FF29F805C5EB}.Debug|Any CPU.ActiveCfg = Debug|Any CPU
		{B6F5A4E1-DD05-4DCB-BB9B-FF29F805C5EB}.Debug|Any CPU.Build.0 = Debug|Any CPU
		{B6F5A4E1-DD05-4DCB-BB9B-FF29F805C5EB}.Release|Any CPU.ActiveCfg = Release|Any CPU
		{B6F5A4E1-DD05-4DCB-BB9B-FF29F805C5EB}.Release|Any CPU.Build.0 = Release|Any CPU
		{09D3A036-9F78-4179-A0E5-E45D2D27CFB2}.Debug|Any CPU.ActiveCfg = Debug|Any CPU
		{09D3A036-9F78-4179-A0E5-E45D2D27CFB2}.Debug|Any CPU.Build.0 = Debug|Any CPU
		{09D3A036-9F78-4179-A0E5-E45D2D27CFB2}.Release|Any CPU.ActiveCfg = Release|Any CPU
		{09D3A036-9F78-4179-A0E5-E45D2D27CFB2}.Release|Any CPU.Build.0 = Release|Any CPU
		{DBA31794-B732-4048-B798-4485E689FFC9}.Debug|Any CPU.ActiveCfg = Debug|Any CPU
		{DBA31794-B732-4048-B798-4485E689FFC9}.Debug|Any CPU.Build.0 = Debug|Any CPU
		{DBA31794-B732-4048-B798-4485E689FFC9}.Release|Any CPU.ActiveCfg = Release|Any CPU
		{DBA31794-B732-4048-B798-4485E689FFC9}.Release|Any CPU.Build.0 = Release|Any CPU
		{C6491DD7-ABD3-455D-920C-AD4C1B050DA2}.Debug|Any CPU.ActiveCfg = Debug|Any CPU
		{C6491DD7-ABD3-455D-920C-AD4C1B050DA2}.Debug|Any CPU.Build.0 = Debug|Any CPU
		{C6491DD7-ABD3-455D-920C-AD4C1B050DA2}.Release|Any CPU.ActiveCfg = Release|Any CPU
		{C6491DD7-ABD3-455D-920C-AD4C1B050DA2}.Release|Any CPU.Build.0 = Release|Any CPU
		{B59A7506-C29B-4E51-B9D9-EA2F34633C27}.Debug|Any CPU.ActiveCfg = Debug|Any CPU
		{B59A7506-C29B-4E51-B9D9-EA2F34633C27}.Debug|Any CPU.Build.0 = Debug|Any CPU
		{B59A7506-C29B-4E51-B9D9-EA2F34633C27}.Release|Any CPU.ActiveCfg = Release|Any CPU
		{B59A7506-C29B-4E51-B9D9-EA2F34633C27}.Release|Any CPU.Build.0 = Release|Any CPU
		{4A0DD325-3D48-4ADF-ADB9-B548EB6C90F9}.Debug|Any CPU.ActiveCfg = Debug|Any CPU
		{4A0DD325-3D48-4ADF-ADB9-B548EB6C90F9}.Debug|Any CPU.Build.0 = Debug|Any CPU
		{4A0DD325-3D48-4ADF-ADB9-B548EB6C90F9}.Release|Any CPU.ActiveCfg = Release|Any CPU
		{4A0DD325-3D48-4ADF-ADB9-B548EB6C90F9}.Release|Any CPU.Build.0 = Release|Any CPU
		{E07378E6-F98E-475A-B489-53367770C6D1}.Debug|Any CPU.ActiveCfg = Debug|Any CPU
		{E07378E6-F98E-475A-B489-53367770C6D1}.Debug|Any CPU.Build.0 = Debug|Any CPU
		{E07378E6-F98E-475A-B489-53367770C6D1}.Release|Any CPU.ActiveCfg = Release|Any CPU
		{E07378E6-F98E-475A-B489-53367770C6D1}.Release|Any CPU.Build.0 = Release|Any CPU
	EndGlobalSection
	GlobalSection(SolutionProperties) = preSolution
		HideSolutionNode = FALSE
	EndGlobalSection
	GlobalSection(NestedProjects) = preSolution
		{D0F83C94-9720-4461-9B24-95539445FB52} = {40B61286-EAA1-4B6D-9086-413202D4C3D5}
		{BD60F190-30D2-4508-AB49-DAC172B758A2} = {40B61286-EAA1-4B6D-9086-413202D4C3D5}
		{1CF90F05-83EA-4F55-9E2E-13F0EB3115EE} = {40B61286-EAA1-4B6D-9086-413202D4C3D5}
		{39A07CD1-064A-41B9-B1EA-7D9CECF9E4CE} = {40B61286-EAA1-4B6D-9086-413202D4C3D5}
		{C6022036-533B-4508-BD8F-9DA6C71F894F} = {40B61286-EAA1-4B6D-9086-413202D4C3D5}
		{52C6577D-E217-4902-AA44-1D3749A73278} = {40B61286-EAA1-4B6D-9086-413202D4C3D5}
		{7290B6CA-E0B4-43B9-BF21-2339E644E613} = {98246796-1EEE-43E9-848F-3522FDE139A6}
		{B6F5A4E1-DD05-4DCB-BB9B-FF29F805C5EB} = {BE46F0B9-175E-4388-A5A3-9771F8C30960}
		{09D3A036-9F78-4179-A0E5-E45D2D27CFB2} = {BE46F0B9-175E-4388-A5A3-9771F8C30960}
		{DBA31794-B732-4048-B798-4485E689FFC9} = {067CE8B5-716C-4EFC-9FDE-78D89AD5323B}
		{C6491DD7-ABD3-455D-920C-AD4C1B050DA2} = {067CE8B5-716C-4EFC-9FDE-78D89AD5323B}
		{B59A7506-C29B-4E51-B9D9-EA2F34633C27} = {9CE65EA3-2075-444F-8B01-8D9E78C3FF5B}
		{4A0DD325-3D48-4ADF-ADB9-B548EB6C90F9} = {98246796-1EEE-43E9-848F-3522FDE139A6}
		{DA6D8CBA-E326-4306-A076-C1529CE3D09F} = {98246796-1EEE-43E9-848F-3522FDE139A6}
		{E07378E6-F98E-475A-B489-53367770C6D1} = {DA6D8CBA-E326-4306-A076-C1529CE3D09F}
	EndGlobalSection
	GlobalSection(ExtensibilityGlobals) = postSolution
		SolutionGuid = {DE266549-128C-48C3-B7B7-3A3C58FB5064}
	EndGlobalSection
EndGlobal
