
Microsoft Visual Studio Solution File, Format Version 12.00
# Visual Studio 14
VisualStudioVersion = 14.0.25420.1
MinimumVisualStudioVersion = 10.0.40219.1
Project("{FAE04EC0-301F-11D3-BF4B-00C04F79EFBC}") = "ThreeDimensionalForms", "ThreeDimensionalForm\ThreeDimensionalForms.csproj", "{3A299295-AEBC-464A-AF65-8884FB496C46}"
EndProject
Project("{FAE04EC0-301F-11D3-BF4B-00C04F79EFBC}") = "TestingPolygon", "TestingPolygon\TestingPolygon.csproj", "{07C1FA14-AAD9-4C5E-BFBF-9B001B8FB1A1}"
EndProject
Project("{FAE04EC0-301F-11D3-BF4B-00C04F79EFBC}") = "FinancialOrganizations", "FinancialOrganizations\FinancialOrganizations.csproj", "{A2E255C3-EEC0-46E5-963B-48992AA7EA0D}"
EndProject
Global
	GlobalSection(SolutionConfigurationPlatforms) = preSolution
		Debug|Any CPU = Debug|Any CPU
		Release|Any CPU = Release|Any CPU
	EndGlobalSection
	GlobalSection(ProjectConfigurationPlatforms) = postSolution
		{3A299295-AEBC-464A-AF65-8884FB496C46}.Debug|Any CPU.ActiveCfg = Debug|Any CPU
		{3A299295-AEBC-464A-AF65-8884FB496C46}.Debug|Any CPU.Build.0 = Debug|Any CPU
		{3A299295-AEBC-464A-AF65-8884FB496C46}.Release|Any CPU.ActiveCfg = Release|Any CPU
		{3A299295-AEBC-464A-AF65-8884FB496C46}.Release|Any CPU.Build.0 = Release|Any CPU
		{07C1FA14-AAD9-4C5E-BFBF-9B001B8FB1A1}.Debug|Any CPU.ActiveCfg = Debug|Any CPU
		{07C1FA14-AAD9-4C5E-BFBF-9B001B8FB1A1}.Debug|Any CPU.Build.0 = Debug|Any CPU
		{07C1FA14-AAD9-4C5E-BFBF-9B001B8FB1A1}.Release|Any CPU.ActiveCfg = Release|Any CPU
		{07C1FA14-AAD9-4C5E-BFBF-9B001B8FB1A1}.Release|Any CPU.Build.0 = Release|Any CPU
		{A2E255C3-EEC0-46E5-963B-48992AA7EA0D}.Debug|Any CPU.ActiveCfg = Debug|Any CPU
		{A2E255C3-EEC0-46E5-963B-48992AA7EA0D}.Debug|Any CPU.Build.0 = Debug|Any CPU
		{A2E255C3-EEC0-46E5-963B-48992AA7EA0D}.Release|Any CPU.ActiveCfg = Release|Any CPU
		{A2E255C3-EEC0-46E5-963B-48992AA7EA0D}.Release|Any CPU.Build.0 = Release|Any CPU
	EndGlobalSection
	GlobalSection(SolutionProperties) = preSolution
		HideSolutionNode = FALSE
	EndGlobalSection
EndGlobal
