
Microsoft Visual Studio Solution File, Format Version 12.00
# Visual Studio Version 16
VisualStudioVersion = 16.0.30907.101
MinimumVisualStudioVersion = 10.0.40219.1
Project("{FAE04EC0-301F-11D3-BF4B-00C04F79EFBC}") = "DynamicArrays", "DynamicArrays\DynamicArrays.csproj", "{50F26251-884B-4443-AB3E-B8D5E28AA68D}"
EndProject
Project("{FAE04EC0-301F-11D3-BF4B-00C04F79EFBC}") = "Tree", "Tree\Tree.csproj", "{7C3C2D90-E760-4546-95DB-22A2BAC02FBA}"
EndProject
Project("{FAE04EC0-301F-11D3-BF4B-00C04F79EFBC}") = "Hash table", "Hash table\Hash table.csproj", "{0F91EE4D-519C-4C2A-A1A6-11280A276E80}"
EndProject
Project("{FAE04EC0-301F-11D3-BF4B-00C04F79EFBC}") = "IList", "IList\IList.csproj", "{DB4F4C05-CE8D-4003-A4A0-FDAD2CA3FD9E}"
EndProject
Project("{2150E333-8FDC-42A3-9474-1A3956D46DE8}") = "Collections", "Collections", "{352A8B81-E0F0-4E19-A018-2E845A7DB024}"
EndProject
Project("{FAE04EC0-301F-11D3-BF4B-00C04F79EFBC}") = "01_LinkedList", "01_LinkedList\01_LinkedList.csproj", "{F31FD599-9112-472B-8C3A-C221C15CC0DC}"
EndProject
Project("{FAE04EC0-301F-11D3-BF4B-00C04F79EFBC}") = "02_Enumerable", "02_Enumerable\02_Enumerable.csproj", "{6ABA021A-EEEB-4BC8-B8FD-702B294552D7}"
EndProject
Project("{FAE04EC0-301F-11D3-BF4B-00C04F79EFBC}") = "03_Enumerable", "03_Enumerable\03_Enumerable.csproj", "{71E09EAB-5AAC-433E-AFF6-A095FD769AC6}"
EndProject
Project("{FAE04EC0-301F-11D3-BF4B-00C04F79EFBC}") = "04_yield", "04_yield\04_yield.csproj", "{59CCB007-728C-4833-8B50-F6F909582ADB}"
EndProject
Global
	GlobalSection(SolutionConfigurationPlatforms) = preSolution
		Debug|Any CPU = Debug|Any CPU
		Release|Any CPU = Release|Any CPU
	EndGlobalSection
	GlobalSection(ProjectConfigurationPlatforms) = postSolution
		{50F26251-884B-4443-AB3E-B8D5E28AA68D}.Debug|Any CPU.ActiveCfg = Debug|Any CPU
		{50F26251-884B-4443-AB3E-B8D5E28AA68D}.Debug|Any CPU.Build.0 = Debug|Any CPU
		{50F26251-884B-4443-AB3E-B8D5E28AA68D}.Release|Any CPU.ActiveCfg = Release|Any CPU
		{50F26251-884B-4443-AB3E-B8D5E28AA68D}.Release|Any CPU.Build.0 = Release|Any CPU
		{7C3C2D90-E760-4546-95DB-22A2BAC02FBA}.Debug|Any CPU.ActiveCfg = Debug|Any CPU
		{7C3C2D90-E760-4546-95DB-22A2BAC02FBA}.Debug|Any CPU.Build.0 = Debug|Any CPU
		{7C3C2D90-E760-4546-95DB-22A2BAC02FBA}.Release|Any CPU.ActiveCfg = Release|Any CPU
		{7C3C2D90-E760-4546-95DB-22A2BAC02FBA}.Release|Any CPU.Build.0 = Release|Any CPU
		{0F91EE4D-519C-4C2A-A1A6-11280A276E80}.Debug|Any CPU.ActiveCfg = Debug|Any CPU
		{0F91EE4D-519C-4C2A-A1A6-11280A276E80}.Debug|Any CPU.Build.0 = Debug|Any CPU
		{0F91EE4D-519C-4C2A-A1A6-11280A276E80}.Release|Any CPU.ActiveCfg = Release|Any CPU
		{0F91EE4D-519C-4C2A-A1A6-11280A276E80}.Release|Any CPU.Build.0 = Release|Any CPU
		{DB4F4C05-CE8D-4003-A4A0-FDAD2CA3FD9E}.Debug|Any CPU.ActiveCfg = Debug|Any CPU
		{DB4F4C05-CE8D-4003-A4A0-FDAD2CA3FD9E}.Debug|Any CPU.Build.0 = Debug|Any CPU
		{DB4F4C05-CE8D-4003-A4A0-FDAD2CA3FD9E}.Release|Any CPU.ActiveCfg = Release|Any CPU
		{DB4F4C05-CE8D-4003-A4A0-FDAD2CA3FD9E}.Release|Any CPU.Build.0 = Release|Any CPU
		{F31FD599-9112-472B-8C3A-C221C15CC0DC}.Debug|Any CPU.ActiveCfg = Debug|Any CPU
		{F31FD599-9112-472B-8C3A-C221C15CC0DC}.Debug|Any CPU.Build.0 = Debug|Any CPU
		{F31FD599-9112-472B-8C3A-C221C15CC0DC}.Release|Any CPU.ActiveCfg = Release|Any CPU
		{F31FD599-9112-472B-8C3A-C221C15CC0DC}.Release|Any CPU.Build.0 = Release|Any CPU
		{6ABA021A-EEEB-4BC8-B8FD-702B294552D7}.Debug|Any CPU.ActiveCfg = Debug|Any CPU
		{6ABA021A-EEEB-4BC8-B8FD-702B294552D7}.Debug|Any CPU.Build.0 = Debug|Any CPU
		{6ABA021A-EEEB-4BC8-B8FD-702B294552D7}.Release|Any CPU.ActiveCfg = Release|Any CPU
		{6ABA021A-EEEB-4BC8-B8FD-702B294552D7}.Release|Any CPU.Build.0 = Release|Any CPU
		{71E09EAB-5AAC-433E-AFF6-A095FD769AC6}.Debug|Any CPU.ActiveCfg = Debug|Any CPU
		{71E09EAB-5AAC-433E-AFF6-A095FD769AC6}.Debug|Any CPU.Build.0 = Debug|Any CPU
		{71E09EAB-5AAC-433E-AFF6-A095FD769AC6}.Release|Any CPU.ActiveCfg = Release|Any CPU
		{71E09EAB-5AAC-433E-AFF6-A095FD769AC6}.Release|Any CPU.Build.0 = Release|Any CPU
		{59CCB007-728C-4833-8B50-F6F909582ADB}.Debug|Any CPU.ActiveCfg = Debug|Any CPU
		{59CCB007-728C-4833-8B50-F6F909582ADB}.Debug|Any CPU.Build.0 = Debug|Any CPU
		{59CCB007-728C-4833-8B50-F6F909582ADB}.Release|Any CPU.ActiveCfg = Release|Any CPU
		{59CCB007-728C-4833-8B50-F6F909582ADB}.Release|Any CPU.Build.0 = Release|Any CPU
	EndGlobalSection
	GlobalSection(SolutionProperties) = preSolution
		HideSolutionNode = FALSE
	EndGlobalSection
	GlobalSection(NestedProjects) = preSolution
		{F31FD599-9112-472B-8C3A-C221C15CC0DC} = {352A8B81-E0F0-4E19-A018-2E845A7DB024}
		{6ABA021A-EEEB-4BC8-B8FD-702B294552D7} = {352A8B81-E0F0-4E19-A018-2E845A7DB024}
		{71E09EAB-5AAC-433E-AFF6-A095FD769AC6} = {352A8B81-E0F0-4E19-A018-2E845A7DB024}
		{59CCB007-728C-4833-8B50-F6F909582ADB} = {352A8B81-E0F0-4E19-A018-2E845A7DB024}
	EndGlobalSection
	GlobalSection(ExtensibilityGlobals) = postSolution
		SolutionGuid = {3C323688-DE10-480C-AE06-A3D5B518B7BF}
	EndGlobalSection
EndGlobal
