
Microsoft Visual Studio Solution File, Format Version 12.00
# Visual Studio Version 16
VisualStudioVersion = 16.0.29806.167
MinimumVisualStudioVersion = 10.0.40219.1
Project("{FAE04EC0-301F-11D3-BF4B-00C04F79EFBC}") = "CoreFacilities.Exceptions.Intro", "CoreFacilities.Exceptions.Intro\CoreFacilities.Exceptions.Intro.csproj", "{E3EF016F-F4A0-40EE-A303-A708D4232A4B}"
EndProject
Project("{2150E333-8FDC-42A3-9474-1A3956D46DE8}") = "Exceptions", "Exceptions", "{5B0E5FF7-DA95-4F4D-8533-BC371E2B5DF5}"
EndProject
Global
	GlobalSection(SolutionConfigurationPlatforms) = preSolution
		Debug|Any CPU = Debug|Any CPU
		Release|Any CPU = Release|Any CPU
	EndGlobalSection
	GlobalSection(ProjectConfigurationPlatforms) = postSolution
		{E3EF016F-F4A0-40EE-A303-A708D4232A4B}.Debug|Any CPU.ActiveCfg = Debug|Any CPU
		{E3EF016F-F4A0-40EE-A303-A708D4232A4B}.Debug|Any CPU.Build.0 = Debug|Any CPU
		{E3EF016F-F4A0-40EE-A303-A708D4232A4B}.Release|Any CPU.ActiveCfg = Release|Any CPU
		{E3EF016F-F4A0-40EE-A303-A708D4232A4B}.Release|Any CPU.Build.0 = Release|Any CPU
	EndGlobalSection
	GlobalSection(SolutionProperties) = preSolution
		HideSolutionNode = FALSE
	EndGlobalSection
	GlobalSection(NestedProjects) = preSolution
		{E3EF016F-F4A0-40EE-A303-A708D4232A4B} = {5B0E5FF7-DA95-4F4D-8533-BC371E2B5DF5}
	EndGlobalSection
	GlobalSection(ExtensibilityGlobals) = postSolution
		SolutionGuid = {64BCDAD7-5DF9-4401-AF51-2F6CF9481CBB}
	EndGlobalSection
EndGlobal
