
Microsoft Visual Studio Solution File, Format Version 12.00
# Visual Studio Version 16
VisualStudioVersion = 16.0.30907.101
MinimumVisualStudioVersion = 10.0.40219.1
Project("{FAE04EC0-301F-11D3-BF4B-00C04F79EFBC}") = "LINQToObjects", "LINQToObjects\LINQToObjects.csproj", "{4CD7287F-45ED-4549-AD0E-9B25B86AA78F}"
EndProject
Project("{FAE04EC0-301F-11D3-BF4B-00C04F79EFBC}") = "01_Linq", "01_Linq\01_Linq.csproj", "{43B6AB8F-BA2F-4CD3-90C4-AE92DFCDBCDF}"
EndProject
Global
	GlobalSection(SolutionConfigurationPlatforms) = preSolution
		Debug|Any CPU = Debug|Any CPU
		Release|Any CPU = Release|Any CPU
	EndGlobalSection
	GlobalSection(ProjectConfigurationPlatforms) = postSolution
		{4CD7287F-45ED-4549-AD0E-9B25B86AA78F}.Debug|Any CPU.ActiveCfg = Debug|Any CPU
		{4CD7287F-45ED-4549-AD0E-9B25B86AA78F}.Debug|Any CPU.Build.0 = Debug|Any CPU
		{4CD7287F-45ED-4549-AD0E-9B25B86AA78F}.Release|Any CPU.ActiveCfg = Release|Any CPU
		{4CD7287F-45ED-4549-AD0E-9B25B86AA78F}.Release|Any CPU.Build.0 = Release|Any CPU
		{43B6AB8F-BA2F-4CD3-90C4-AE92DFCDBCDF}.Debug|Any CPU.ActiveCfg = Debug|Any CPU
		{43B6AB8F-BA2F-4CD3-90C4-AE92DFCDBCDF}.Debug|Any CPU.Build.0 = Debug|Any CPU
		{43B6AB8F-BA2F-4CD3-90C4-AE92DFCDBCDF}.Release|Any CPU.ActiveCfg = Release|Any CPU
		{43B6AB8F-BA2F-4CD3-90C4-AE92DFCDBCDF}.Release|Any CPU.Build.0 = Release|Any CPU
	EndGlobalSection
	GlobalSection(SolutionProperties) = preSolution
		HideSolutionNode = FALSE
	EndGlobalSection
	GlobalSection(ExtensibilityGlobals) = postSolution
		SolutionGuid = {C5331852-07E0-4233-830A-733D05BEA92B}
	EndGlobalSection
EndGlobal
