
Microsoft Visual Studio Solution File, Format Version 12.00
# Visual Studio 14
VisualStudioVersion = 14.0.25420.1
MinimumVisualStudioVersion = 10.0.40219.1
Project("{FAE04EC0-301F-11D3-BF4B-00C04F79EFBC}") = "DownloadAsynchronously", "DownloadAsynchronously\DownloadAsynchronously.csproj", "{AB64A660-C248-4B67-926C-E6571628F305}"
EndProject
Project("{FAE04EC0-301F-11D3-BF4B-00C04F79EFBC}") = "Asynchronous.FgVsBg", "Asynchronous.FgVsBg\Asynchronous.FgVsBg.csproj", "{C3ED5743-76E3-4749-876B-6E7E1E86B0AE}"
EndProject
Project("{FAE04EC0-301F-11D3-BF4B-00C04F79EFBC}") = "Asynchronous.ThreadPoolQueueWorkItem", "Asynchronous.ThreadPoolQueueWorkItem\Asynchronous.ThreadPoolQueueWorkItem.csproj", "{245A5488-16D0-44E8-BA56-560DD3FE9B08}"
EndProject
Project("{FAE04EC0-301F-11D3-BF4B-00C04F79EFBC}") = "Asynchronous.CooperativeCancellation", "Asynchronous.CooperativeCancellation\Asynchronous.CooperativeCancellation.csproj", "{3F377DD9-5093-4951-89CD-EACC9F7941B8}"
EndProject
Project("{FAE04EC0-301F-11D3-BF4B-00C04F79EFBC}") = "Asynchronous.LinkedTokenSource", "Asynchronous.LinkedTokenSource\Asynchronous.LinkedTokenSource.csproj", "{C9757B0E-40A5-463D-8068-46A3B4AB6482}"
EndProject
Global
	GlobalSection(SolutionConfigurationPlatforms) = preSolution
		Debug|Any CPU = Debug|Any CPU
		Release|Any CPU = Release|Any CPU
	EndGlobalSection
	GlobalSection(ProjectConfigurationPlatforms) = postSolution
		{AB64A660-C248-4B67-926C-E6571628F305}.Debug|Any CPU.ActiveCfg = Debug|Any CPU
		{AB64A660-C248-4B67-926C-E6571628F305}.Debug|Any CPU.Build.0 = Debug|Any CPU
		{AB64A660-C248-4B67-926C-E6571628F305}.Release|Any CPU.ActiveCfg = Release|Any CPU
		{AB64A660-C248-4B67-926C-E6571628F305}.Release|Any CPU.Build.0 = Release|Any CPU
		{C3ED5743-76E3-4749-876B-6E7E1E86B0AE}.Debug|Any CPU.ActiveCfg = Debug|Any CPU
		{C3ED5743-76E3-4749-876B-6E7E1E86B0AE}.Debug|Any CPU.Build.0 = Debug|Any CPU
		{C3ED5743-76E3-4749-876B-6E7E1E86B0AE}.Release|Any CPU.ActiveCfg = Release|Any CPU
		{C3ED5743-76E3-4749-876B-6E7E1E86B0AE}.Release|Any CPU.Build.0 = Release|Any CPU
		{245A5488-16D0-44E8-BA56-560DD3FE9B08}.Debug|Any CPU.ActiveCfg = Debug|Any CPU
		{245A5488-16D0-44E8-BA56-560DD3FE9B08}.Debug|Any CPU.Build.0 = Debug|Any CPU
		{245A5488-16D0-44E8-BA56-560DD3FE9B08}.Release|Any CPU.ActiveCfg = Release|Any CPU
		{245A5488-16D0-44E8-BA56-560DD3FE9B08}.Release|Any CPU.Build.0 = Release|Any CPU
		{3F377DD9-5093-4951-89CD-EACC9F7941B8}.Debug|Any CPU.ActiveCfg = Debug|Any CPU
		{3F377DD9-5093-4951-89CD-EACC9F7941B8}.Debug|Any CPU.Build.0 = Debug|Any CPU
		{3F377DD9-5093-4951-89CD-EACC9F7941B8}.Release|Any CPU.ActiveCfg = Release|Any CPU
		{3F377DD9-5093-4951-89CD-EACC9F7941B8}.Release|Any CPU.Build.0 = Release|Any CPU
		{C9757B0E-40A5-463D-8068-46A3B4AB6482}.Debug|Any CPU.ActiveCfg = Debug|Any CPU
		{C9757B0E-40A5-463D-8068-46A3B4AB6482}.Debug|Any CPU.Build.0 = Debug|Any CPU
		{C9757B0E-40A5-463D-8068-46A3B4AB6482}.Release|Any CPU.ActiveCfg = Release|Any CPU
		{C9757B0E-40A5-463D-8068-46A3B4AB6482}.Release|Any CPU.Build.0 = Release|Any CPU
	EndGlobalSection
	GlobalSection(SolutionProperties) = preSolution
		HideSolutionNode = FALSE
	EndGlobalSection
EndGlobal
